
Microsoft Visual Studio Solution File, Format Version 12.00
# Visual Studio 15
VisualStudioVersion = 15.0.28307.136
MinimumVisualStudioVersion = 10.0.40219.1
Project("{9A19103F-16F7-4668-BE54-9A1E7A4F7556}") = "Generics.Domain", "Generics.Domain\Generics.Domain.csproj", "{028F47BB-713D-4552-82D7-B1ADFB8067F6}"
EndProject
Project("{9A19103F-16F7-4668-BE54-9A1E7A4F7556}") = "Generics.Test", "Generics.Test\Generics.Test.csproj", "{C621CF66-8A83-4C2A-AF2B-4C0C45E7D269}"
EndProject
Project("{9A19103F-16F7-4668-BE54-9A1E7A4F7556}") = "CsharpRef", "CsharpRef\CsharpRef.csproj", "{B6A4F3E9-6E9A-4423-8731-8182776426A3}"
EndProject
Global
	GlobalSection(SolutionConfigurationPlatforms) = preSolution
		Debug|Any CPU = Debug|Any CPU
		Release|Any CPU = Release|Any CPU
	EndGlobalSection
	GlobalSection(ProjectConfigurationPlatforms) = postSolution
		{028F47BB-713D-4552-82D7-B1ADFB8067F6}.Debug|Any CPU.ActiveCfg = Debug|Any CPU
		{028F47BB-713D-4552-82D7-B1ADFB8067F6}.Debug|Any CPU.Build.0 = Debug|Any CPU
		{028F47BB-713D-4552-82D7-B1ADFB8067F6}.Release|Any CPU.ActiveCfg = Release|Any CPU
		{028F47BB-713D-4552-82D7-B1ADFB8067F6}.Release|Any CPU.Build.0 = Release|Any CPU
		{C621CF66-8A83-4C2A-AF2B-4C0C45E7D269}.Debug|Any CPU.ActiveCfg = Debug|Any CPU
		{C621CF66-8A83-4C2A-AF2B-4C0C45E7D269}.Debug|Any CPU.Build.0 = Debug|Any CPU
		{C621CF66-8A83-4C2A-AF2B-4C0C45E7D269}.Release|Any CPU.ActiveCfg = Release|Any CPU
		{C621CF66-8A83-4C2A-AF2B-4C0C45E7D269}.Release|Any CPU.Build.0 = Release|Any CPU
		{B6A4F3E9-6E9A-4423-8731-8182776426A3}.Debug|Any CPU.ActiveCfg = Debug|Any CPU
		{B6A4F3E9-6E9A-4423-8731-8182776426A3}.Debug|Any CPU.Build.0 = Debug|Any CPU
		{B6A4F3E9-6E9A-4423-8731-8182776426A3}.Release|Any CPU.ActiveCfg = Release|Any CPU
		{B6A4F3E9-6E9A-4423-8731-8182776426A3}.Release|Any CPU.Build.0 = Release|Any CPU
	EndGlobalSection
	GlobalSection(SolutionProperties) = preSolution
		HideSolutionNode = FALSE
	EndGlobalSection
	GlobalSection(ExtensibilityGlobals) = postSolution
		SolutionGuid = {383E5F2F-95EA-4F53-9A35-6D894C9D387D}
	EndGlobalSection
EndGlobal
